{
  "name": "sir-inam",
  "version": "1.0.0",
  "lockfileVersion": 1,
  "requires": true,
  "dependencies": {
    "@m.qasim077/qasim": {
      "version": "1.0.1",
      "resolved": "https://registry.npmjs.org/@m.qasim077/qasim/-/qasim-1.0.1.tgz",
      "integrity": "sha512-BKqjE/FLtZtTsXpmAqRJUXFYt+/DgngIMtLshsOGAjoBj1tGbcQkOz6ldQoLQcZdxZRLba5Vvs8HkNaH0zw77Q==",
      "requires": {
        "@types/node": "^16.3.3"
      }
    },
    "@types/node": {
      "version": "16.11.13",
      "resolved": "https://registry.npmjs.org/@types/node/-/node-16.11.13.tgz",
      "integrity": "sha512-eUXZzHLHoZqj1frtUetNkUetYoJ6X55UmrVnFD4DMhVeAmwLjniZhtBmsRiemQh4uq4G3vUra/Ws/hs9vEvL3Q=="
    }
  }
}
